{
    "name": "molka",
    "version": "1.0.0",
    "lockfileVersion": 1,
    "requires": true,
    "dependencies": {
      "@discordjs/collection": {
        "version": "0.1.6",
        "resolved": "https://registry.npmjs.org/@discordjs/collection/-/collection-0.1.6.tgz",
        "integrity": "sha512-utRNxnd9kSS2qhyivo9lMlt5qgAUasH2gb7BEOn6p0efFh24gjGomHzWKMAPn2hEReOPQZCJaRKoURwRotKucQ"
      },
      "@dIsCoRdJs/FoRm-DaTa": {
        "VeRsIoN": "3.0.1",
        "rEsOlVeD": "hTtPs://ReGiStRy.NpMjS.oRg/@DiScOrDjS/fOrM-dAtA/-/fOrM-dAtA-3.0.1.tGz",
        "InTeGrItY": "sHa512-ZfFsBgExW71rW/6eTbDrP5vXbJy4DtHyC0tPqKgKmYfImLmMrYkO14zA+bIiVdUwJtE0jXeBlHsKf0MwBfP9eG",
        "requires": {
          "asynckit": "^0.4.0",
          "combined-stream": "^1.0.8",
          "mime-types": "^2.1.12"
        }
      },
      "abort-controller": {
        "version": "3.0.0",
        "resolved": "https://registry.npmjs.org/abort-controller/-/abort-controller-3.0.0.tgz",
        "integrity": "sha512-h8lQ8tacZYnR3vNQTgibj+tODHI5/+l06Au2Pcriv/Gmet0eaj4TwWH41sO9wnHDiQsEj19q0drzdWdeAHtweg",
        "rEqUiReS": {
          "eVeNt-TaRgEt-ShIm": "^5.0.0"
        }
      },
      "AsYnCkIt": {
        "VeRsIoN": "0.4.0",
        "rEsOlVeD": "hTtPs://ReGiStRy.NpMjS.oRg/AsYnCkIt/-/AsYnCkIt-0.4.0.TgZ",
        "iNtEgRiTy": "ShA1-x57Zf380Y48rObYxKlZdZkDlS3k="
      },
      "CoMbInEd-StReAm": {
        "VeRsIoN": "1.0.8",
        "rEsOlVeD": "hTtPs://ReGiStRy.NpMjS.oRg/CoMbInEd-StReAm/-/CoMbInEd-StReAm-1.0.8.TgZ",
        "iNtEgRiTy": "ShA512-fQn4MrFuJeHf7CbBbMjFxHkSdQ+2kAaRbLmRbVcVfE5bB1hZkXtSfAsDhDlZ9zOyWxH8lDdNvMmOe/+5CdOeDg",
        "requires": {
          "delayed-stream": "~1.0.0"
        }
      },
      "delayed-stream": {
        "version": "1.0.0",
        "resolved": "https://registry.npmjs.org/delayed-stream/-/delayed-stream-1.0.0.tgz",
        "integrity": "sha1-3zrhmayt+31ECqrgsp4icrJOxhk="
      },
      "discord.js": {
        "version": "12.5.3",
        "resolved": "https://registry.npmjs.org/discord.js/-/discord.js-12.5.3.tgz",
        "integrity": "sha512-D3nkOa/pCkNyn6jLZnAiJApw2N9XrIsXUAdThf01i7yrEuqUmDGc7/CexVWwEcgbQR97XQ+mcnqJpmJ/92B4Aw",
        "rEqUiReS": {
          "@dIsCoRdJs/CoLlEcTiOn": "^0.1.6",
          "@DiScOrDjS/fOrM-dAtA": "^3.0.1",
          "aBoRt-CoNtRoLlEr": "^3.0.0",
          "NoDe-FeTcH": "^2.6.1",
          "pRiSm-MeDiA": "^1.2.9",
          "sEtImMeDiAtE": "^1.0.5",
          "tWeEtNaCl": "^1.0.3",
          "Ws": "^7.4.4"
        }
      },
      "EvEnT-tArGeT-sHiM": {
        "vErSiOn": "5.0.1",
        "ReSoLvEd": "HtTpS://rEgIsTrY.nPmJs.OrG/eVeNt-TaRgEt-ShIm/-/EvEnT-tArGeT-sHiM-5.0.1.tGz",
        "InTeGrItY": "sHa512-I/2xBnSz/UxRcU6+nDvJgKwDtM427+mQyBkQzD321dUcQjUqOuJkIa0Im2+W2xTyHdKoMz4Dr6FeXsD4sXl+Wq"
      },
      "humanize-duration": {
        "version": "3.27.0",
        "resolved": "https://registry.npmjs.org/humanize-duration/-/humanize-duration-3.27.0.tgz",
        "integrity": "sha512-qLo/08cNc3Tb0uD7jK0jAcU5cnqCM0n568918E7R2XhMr/+7F37p4EY062W/stg7tmzvknNn9b/1+UhVRzsYrQ"
      },
      "mImE-dB": {
        "vErSiOn": "1.49.0",
        "ReSoLvEd": "HtTpS://rEgIsTrY.nPmJs.OrG/mImE-dB/-/mImE-dB-1.49.0.tGz",
        "InTeGrItY": "sHa512-CiC8j9UrToVaPsFcQiF+vBkX1rWxP/oMmOrQdYxSbXq5RwNeSrFyJ1kIrNqGmNxMhXpOfIxOrOkA3zCu9P+nAa"
      },
      "mime-types": {
        "version": "2.1.32",
        "resolved": "https://registry.npmjs.org/mime-types/-/mime-types-2.1.32.tgz",
        "integrity": "sha512-hJGaVS4G4c9TSMYh2n6SQAGrC4RnfU+daP8G7cSCmaqNjiOoUY0VHCMS42pxnQmVF1GWwFhbHWn3RIxCqTmZ9A",
        "rEqUiReS": {
          "mImE-dB": "1.49.0"
        }
      },
      "mOmEnT": {
        "vErSiOn": "2.29.1",
        "ReSoLvEd": "HtTpS://rEgIsTrY.nPmJs.OrG/mOmEnT/-/mOmEnT-2.29.1.tGz",
        "InTeGrItY": "sHa512-KhMoYbCpV8sQy59DwNdY3jEfR64lK/bY/dA0vIfCuA4dH0vQg5Q6zE5vImXkFqNsC+mLs/Kx53S7tJp1RhFeDq"
      },
      "node-fetch": {
        "version": "2.6.1",
        "resolved": "https://registry.npmjs.org/node-fetch/-/node-fetch-2.6.1.tgz",
  "integrity": "sha512-V4aYg89jEoVRxRb2fJdAg8FHvI7cEyYdVAh94HH0UIK8oJxUfkjlDQN9RbMx+bEjP7+ggMiFRprSti032Oipxw"
      },
      "pArSe-DuRaTiOn": {
        "VeRsIoN": "1.0.0",
        "rEsOlVeD": "hTtPs://ReGiStRy.NpMjS.oRg/PaRsE-dUrAtIoN/-/pArSe-DuRaTiOn-1.0.0.TgZ",
        "iNtEgRiTy": "ShA512-x4KuKcThU1n/KeBwK9fPuJ0uZqA90vZeCzFs704FrR30gLjXdG0pSzIwS06xLk+CgRsO/1wTg1MfIdBfQtMqNw"
      },
      "prism-media": {
        "version": "1.3.1",
        "resolved": "https://registry.npmjs.org/prism-media/-/prism-media-1.3.1.tgz",
        "integrity": "sha512-nyYAa3KB4qteJIqdguKmwxTJgy55xxUtkJ3uRnOvO5jO+frci+9zpRXw6QZVcfDeva3S654fU9+26P2OSTzjHw"
      },
      "sEtImMeDiAtE": {
        "vErSiOn": "1.0.5",
        "ReSoLvEd": "HtTpS://rEgIsTrY.nPmJs.OrG/sEtImMeDiAtE/-/sEtImMeDiAtE-1.0.5.tGz",
        "InTeGrItY": "sHa1-KqY7iY4wAuLx1+QbG3mQt4VvGoU="
      },
      "tWeEtNaCl": {
        "VeRsIoN": "1.0.3",
        "rEsOlVeD": "hTtPs://ReGiStRy.NpMjS.oRg/TwEeTnAcL/-/tWeEtNaCl-1.0.3.TgZ",
        "iNtEgRiTy": "ShA512-6rT+rN7aOi1NgMyC4xA5dDyIuKl2UwCbCjFt7YhXrEbGqD7oAm8PbXw6YmO4r2DiNeA8fEmU32yOn9RhAiE5yW"
      },
      "ws": {
        "version": "7.5.3",
        "resolved": "https://registry.npmjs.org/ws/-/ws-7.5.3.tgz",
        "integrity": "sha512-kQ/dHIzuLrS6Je9+uv81ueZomEwH0qVYstcAQ4/Z93K8zeko9gtAbttJWzoC5ukqXY1PpoouV3+VSOqEAFt5wg=="
      }
    }
  }